// !$*UTF8*$!
{
	archiveVersion = 1;
	classes = {
	};
	objectVersion = 46;
	objects = {

/* Begin PBXBuildFile section */
		874FDE1018B803010054E46C /* UIKit.framework in Frameworks */ = {isa = PBXBuildFile; fileRef = 874FDE0F18B803010054E46C /* UIKit.framework */; };
		874FDE1218B803010054E46C /* Foundation.framework in Frameworks */ = {isa = PBXBuildFile; fileRef = 874FDE1118B803010054E46C /* Foundation.framework */; };
		874FDE1418B803010054E46C /* CoreGraphics.framework in Frameworks */ = {isa = PBXBuildFile; fileRef = 874FDE1318B803010054E46C /* CoreGraphics.framework */; };
		874FDE2618B8076B0054E46C /* NYMnemonic.h in Sources */ = {isa = PBXBuildFile; fileRef = 874FDE0118B7F37D0054E46C /* NYMnemonic.h */; };
		874FDE2718B8076B0054E46C /* NYMnemonic.m in Sources */ = {isa = PBXBuildFile; fileRef = 874FDE0218B7F37D0054E46C /* NYMnemonic.m */; };
		874FDE4718B809E90054E46C /* InfoPlist.strings in Resources */ = {isa = PBXBuildFile; fileRef = 874FDE3C18B809E90054E46C /* InfoPlist.strings */; };
		874FDE4818B809E90054E46C /* Cedar-iOS.framework in Frameworks */ = {isa = PBXBuildFile; fileRef = 874FDE3F18B809E90054E46C /* Cedar-iOS.framework */; };
		874FDE4918B809E90054E46C /* main.m in Sources */ = {isa = PBXBuildFile; fileRef = 874FDE4018B809E90054E46C /* main.m */; };
		874FDE4A18B809E90054E46C /* TestNYMnemonic-Info.plist in Resources */ = {isa = PBXBuildFile; fileRef = 874FDE4118B809E90054E46C /* TestNYMnemonic-Info.plist */; };
		874FDE4B18B809E90054E46C /* NYMnemonicSpec.mm in Sources */ = {isa = PBXBuildFile; fileRef = 874FDE4418B809E90054E46C /* NYMnemonicSpec.mm */; };
		874FDE4C18B809E90054E46C /* Rakefile in Resources */ = {isa = PBXBuildFile; fileRef = 874FDE4518B809E90054E46C /* Rakefile */; };
		874FDE4D18B809E90054E46C /* vectors.json in Resources */ = {isa = PBXBuildFile; fileRef = 874FDE4618B809E90054E46C /* vectors.json */; };
/* End PBXBuildFile section */

/* Begin PBXFileReference section */
		874FDDFF18B7F37D0054E46C /* english.txt */ = {isa = PBXFileReference; lastKnownFileType = text; path = english.txt; sourceTree = "<group>"; };
		874FDE0018B7F37D0054E46C /* LICENSE */ = {isa = PBXFileReference; lastKnownFileType = text; path = LICENSE; sourceTree = "<group>"; };
		874FDE0118B7F37D0054E46C /* NYMnemonic.h */ = {isa = PBXFileReference; lastKnownFileType = sourcecode.c.h; path = NYMnemonic.h; sourceTree = "<group>"; };
		874FDE0218B7F37D0054E46C /* NYMnemonic.m */ = {isa = PBXFileReference; lastKnownFileType = sourcecode.c.objc; path = NYMnemonic.m; sourceTree = "<group>"; };
		874FDE0318B7F37D0054E46C /* NYMnemonic.podspec */ = {isa = PBXFileReference; lastKnownFileType = text; path = NYMnemonic.podspec; sourceTree = "<group>"; };
		874FDE0C18B803010054E46C /* TestNYMnemonic.app */ = {isa = PBXFileReference; explicitFileType = wrapper.application; includeInIndex = 0; path = TestNYMnemonic.app; sourceTree = BUILT_PRODUCTS_DIR; };
		874FDE0F18B803010054E46C /* UIKit.framework */ = {isa = PBXFileReference; lastKnownFileType = wrapper.framework; name = UIKit.framework; path = Library/Frameworks/UIKit.framework; sourceTree = DEVELOPER_DIR; };
		874FDE1118B803010054E46C /* Foundation.framework */ = {isa = PBXFileReference; lastKnownFileType = wrapper.framework; name = Foundation.framework; path = Library/Frameworks/Foundation.framework; sourceTree = DEVELOPER_DIR; };
		874FDE1318B803010054E46C /* CoreGraphics.framework */ = {isa = PBXFileReference; lastKnownFileType = wrapper.framework; name = CoreGraphics.framework; path = Library/Frameworks/CoreGraphics.framework; sourceTree = DEVELOPER_DIR; };
		874FDE3D18B809E90054E46C /* en */ = {isa = PBXFileReference; lastKnownFileType = text.plist.strings; name = en; path = en.lproj/InfoPlist.strings; sourceTree = "<group>"; };
		874FDE3F18B809E90054E46C /* Cedar-iOS.framework */ = {isa = PBXFileReference; lastKnownFileType = wrapper.framework; path = "Cedar-iOS.framework"; sourceTree = "<group>"; };
		874FDE4018B809E90054E46C /* main.m */ = {isa = PBXFileReference; fileEncoding = 4; lastKnownFileType = sourcecode.c.objc; path = main.m; sourceTree = "<group>"; };
		874FDE4118B809E90054E46C /* TestNYMnemonic-Info.plist */ = {isa = PBXFileReference; fileEncoding = 4; lastKnownFileType = text.plist.xml; path = "TestNYMnemonic-Info.plist"; sourceTree = "<group>"; };
		874FDE4218B809E90054E46C /* TestNYMnemonic-Prefix.pch */ = {isa = PBXFileReference; fileEncoding = 4; lastKnownFileType = sourcecode.c.h; path = "TestNYMnemonic-Prefix.pch"; sourceTree = "<group>"; };
		874FDE4418B809E90054E46C /* NYMnemonicSpec.mm */ = {isa = PBXFileReference; fileEncoding = 4; lastKnownFileType = sourcecode.cpp.objcpp; path = NYMnemonicSpec.mm; sourceTree = "<group>"; };
		874FDE4518B809E90054E46C /* Rakefile */ = {isa = PBXFileReference; fileEncoding = 4; lastKnownFileType = text; path = Rakefile; sourceTree = "<group>"; };
		874FDE4618B809E90054E46C /* vectors.json */ = {isa = PBXFileReference; fileEncoding = 4; lastKnownFileType = text.json; path = vectors.json; sourceTree = "<group>"; };
/* End PBXFileReference section */

/* Begin PBXFrameworksBuildPhase section */
		874FDE0918B803010054E46C /* Frameworks */ = {
			isa = PBXFrameworksBuildPhase;
			buildActionMask = 2147483647;
			files = (
				874FDE1418B803010054E46C /* CoreGraphics.framework in Frameworks */,
				874FDE1018B803010054E46C /* UIKit.framework in Frameworks */,
				874FDE4818B809E90054E46C /* Cedar-iOS.framework in Frameworks */,
				874FDE1218B803010054E46C /* Foundation.framework in Frameworks */,
			);
			runOnlyForDeploymentPostprocessing = 0;
		};
/* End PBXFrameworksBuildPhase section */

/* Begin PBXGroup section */
		874FDDF718B7F3350054E46C = {
			isa = PBXGroup;
			children = (
				874FDDFE18B7F37D0054E46C /* languages */,
				874FDE0018B7F37D0054E46C /* LICENSE */,
				874FDE0118B7F37D0054E46C /* NYMnemonic.h */,
				874FDE0218B7F37D0054E46C /* NYMnemonic.m */,
				874FDE0318B7F37D0054E46C /* NYMnemonic.podspec */,
				874FDE4318B809E90054E46C /* tests */,
				874FDE3B18B809E90054E46C /* Other Sources */,
				874FDE0E18B803010054E46C /* Frameworks */,
				874FDE0D18B803010054E46C /* Products */,
			);
			sourceTree = "<group>";
		};
		874FDDFE18B7F37D0054E46C /* languages */ = {
			isa = PBXGroup;
			children = (
				874FDDFF18B7F37D0054E46C /* english.txt */,
			);
			path = languages;
			sourceTree = "<group>";
		};
		874FDE0D18B803010054E46C /* Products */ = {
			isa = PBXGroup;
			children = (
				874FDE0C18B803010054E46C /* TestNYMnemonic.app */,
			);
			name = Products;
			sourceTree = "<group>";
		};
		874FDE0E18B803010054E46C /* Frameworks */ = {
			isa = PBXGroup;
			children = (
				874FDE0F18B803010054E46C /* UIKit.framework */,
				874FDE1118B803010054E46C /* Foundation.framework */,
				874FDE1318B803010054E46C /* CoreGraphics.framework */,
			);
			name = Frameworks;
			sourceTree = "<group>";
		};
		874FDE3B18B809E90054E46C /* Other Sources */ = {
			isa = PBXGroup;
			children = (
				874FDE3C18B809E90054E46C /* InfoPlist.strings */,
				874FDE3E18B809E90054E46C /* Frameworks */,
				874FDE4018B809E90054E46C /* main.m */,
				874FDE4118B809E90054E46C /* TestNYMnemonic-Info.plist */,
				874FDE4218B809E90054E46C /* TestNYMnemonic-Prefix.pch */,
			);
			path = "Other Sources";
			sourceTree = "<group>";
		};
		874FDE3E18B809E90054E46C /* Frameworks */ = {
			isa = PBXGroup;
			children = (
				874FDE3F18B809E90054E46C /* Cedar-iOS.framework */,
			);
			path = Frameworks;
			sourceTree = "<group>";
		};
		874FDE4318B809E90054E46C /* tests */ = {
			isa = PBXGroup;
			children = (
				874FDE4418B809E90054E46C /* NYMnemonicSpec.mm */,
				874FDE4518B809E90054E46C /* Rakefile */,
				874FDE4618B809E90054E46C /* vectors.json */,
			);
			path = tests;
			sourceTree = "<group>";
		};
/* End PBXGroup section */

/* Begin PBXNativeTarget section */
		874FDE0B18B803010054E46C /* TestNYMnemonic */ = {
			isa = PBXNativeTarget;
			buildConfigurationList = 874FDE2318B803020054E46C /* Build configuration list for PBXNativeTarget "TestNYMnemonic" */;
			buildPhases = (
				874FDE0818B803010054E46C /* Sources */,
				874FDE0918B803010054E46C /* Frameworks */,
				874FDE0A18B803010054E46C /* Resources */,
			);
			buildRules = (
			);
			dependencies = (
			);
			name = TestNYMnemonic;
			productName = TestNYMnemonic;
			productReference = 874FDE0C18B803010054E46C /* TestNYMnemonic.app */;
			productType = "com.apple.product-type.application";
		};
/* End PBXNativeTarget section */

/* Begin PBXProject section */
		874FDDF818B7F3350054E46C /* Project object */ = {
			isa = PBXProject;
			attributes = {
				LastUpgradeCheck = 0500;
			};
			buildConfigurationList = 874FDDFB18B7F3350054E46C /* Build configuration list for PBXProject "NYMnemonic" */;
			compatibilityVersion = "Xcode 3.2";
			developmentRegion = English;
			hasScannedForEncodings = 0;
			knownRegions = (
				en,
			);
			mainGroup = 874FDDF718B7F3350054E46C;
			productRefGroup = 874FDE0D18B803010054E46C /* Products */;
			projectDirPath = "";
			projectRoot = "";
			targets = (
				874FDE0B18B803010054E46C /* TestNYMnemonic */,
			);
		};
/* End PBXProject section */

/* Begin PBXResourcesBuildPhase section */
		874FDE0A18B803010054E46C /* Resources */ = {
			isa = PBXResourcesBuildPhase;
			buildActionMask = 2147483647;
			files = (
				874FDE4C18B809E90054E46C /* Rakefile in Resources */,
				874FDE4718B809E90054E46C /* InfoPlist.strings in Resources */,
				874FDE4D18B809E90054E46C /* vectors.json in Resources */,
				874FDE4A18B809E90054E46C /* TestNYMnemonic-Info.plist in Resources */,
			);
			runOnlyForDeploymentPostprocessing = 0;
		};
/* End PBXResourcesBuildPhase section */

/* Begin PBXSourcesBuildPhase section */
		874FDE0818B803010054E46C /* Sources */ = {
			isa = PBXSourcesBuildPhase;
			buildActionMask = 2147483647;
			files = (
				874FDE2618B8076B0054E46C /* NYMnemonic.h in Sources */,
				874FDE4B18B809E90054E46C /* NYMnemonicSpec.mm in Sources */,
				874FDE4918B809E90054E46C /* main.m in Sources */,
				874FDE2718B8076B0054E46C /* NYMnemonic.m in Sources */,
			);
			runOnlyForDeploymentPostprocessing = 0;
		};
/* End PBXSourcesBuildPhase section */

/* Begin PBXVariantGroup section */
		874FDE3C18B809E90054E46C /* InfoPlist.strings */ = {
			isa = PBXVariantGroup;
			children = (
				874FDE3D18B809E90054E46C /* en */,
			);
			name = InfoPlist.strings;
			sourceTree = "<group>";
		};
/* End PBXVariantGroup section */

/* Begin XCBuildConfiguration section */
		874FDDFC18B7F3350054E46C /* Debug */ = {
			isa = XCBuildConfiguration;
			buildSettings = {
			};
			name = Debug;
		};
		874FDDFD18B7F3350054E46C /* Release */ = {
			isa = XCBuildConfiguration;
			buildSettings = {
			};
			name = Release;
		};
		874FDE2418B803020054E46C /* Debug */ = {
			isa = XCBuildConfiguration;
			buildSettings = {
				ALWAYS_SEARCH_USER_PATHS = NO;
				ARCHS = "$(ARCHS_STANDARD_INCLUDING_64_BIT)";
				CLANG_CXX_LANGUAGE_STANDARD = "gnu++0x";
				CLANG_CXX_LIBRARY = "libc++";
				CLANG_ENABLE_MODULES = YES;
				CLANG_ENABLE_OBJC_ARC = YES;
				CLANG_WARN_BOOL_CONVERSION = YES;
				CLANG_WARN_CONSTANT_CONVERSION = YES;
				CLANG_WARN_DIRECT_OBJC_ISA_USAGE = YES_ERROR;
				CLANG_WARN_EMPTY_BODY = YES;
				CLANG_WARN_ENUM_CONVERSION = YES;
				CLANG_WARN_INT_CONVERSION = YES;
				CLANG_WARN_OBJC_ROOT_CLASS = YES_ERROR;
				CLANG_WARN__DUPLICATE_METHOD_MATCH = YES;
				"CODE_SIGN_IDENTITY[sdk=iphoneos*]" = "iPhone Developer";
				COPY_PHASE_STRIP = NO;
				FRAMEWORK_SEARCH_PATHS = (
					"$(inherited)",
					"$(DEVELOPER_FRAMEWORKS_DIR)",
					"/Users/Jud/Projects/NYMnemonic/Other\\ Sources/Frameworks",
				);
				GCC_C_LANGUAGE_STANDARD = gnu99;
				GCC_DYNAMIC_NO_PIC = NO;
				GCC_OPTIMIZATION_LEVEL = 0;
				GCC_PRECOMPILE_PREFIX_HEADER = YES;
				GCC_PREFIX_HEADER = "Other Sources/TestNYMnemonic-Prefix.pch";
				GCC_PREPROCESSOR_DEFINITIONS = (
					"DEBUG=1",
					"$(inherited)",
				);
				GCC_SYMBOLS_PRIVATE_EXTERN = NO;
				GCC_WARN_64_TO_32_BIT_CONVERSION = YES;
				GCC_WARN_ABOUT_RETURN_TYPE = YES_ERROR;
				GCC_WARN_UNDECLARED_SELECTOR = YES;
				GCC_WARN_UNINITIALIZED_AUTOS = YES;
				GCC_WARN_UNUSED_FUNCTION = YES;
				GCC_WARN_UNUSED_VARIABLE = YES;
				INFOPLIST_FILE = "$(SRCROOT)/Other Sources/TestNYMnemonic-Info.plist";
				IPHONEOS_DEPLOYMENT_TARGET = 7.0;
				ONLY_ACTIVE_ARCH = YES;
				OTHER_LDFLAGS = (
					"-ObjC",
					"-all_load",
					"-lstdc++",
				);
				PRODUCT_NAME = "$(TARGET_NAME)";
				SDKROOT = iphoneos;
				WRAPPER_EXTENSION = app;
			};
			name = Debug;
		};
		874FDE2518B803020054E46C /* Release */ = {
			isa = XCBuildConfiguration;
			buildSettings = {
				ALWAYS_SEARCH_USER_PATHS = NO;
				ARCHS = "$(ARCHS_STANDARD_INCLUDING_64_BIT)";
				CLANG_CXX_LANGUAGE_STANDARD = "gnu++0x";
				CLANG_CXX_LIBRARY = "libc++";
				CLANG_ENABLE_MODULES = YES;
				CLANG_ENABLE_OBJC_ARC = YES;
				CLANG_WARN_BOOL_CONVERSION = YES;
				CLANG_WARN_CONSTANT_CONVERSION = YES;
				CLANG_WARN_DIRECT_OBJC_ISA_USAGE = YES_ERROR;
				CLANG_WARN_EMPTY_BODY = YES;
				CLANG_WARN_ENUM_CONVERSION = YES;
				CLANG_WARN_INT_CONVERSION = YES;
				CLANG_WARN_OBJC_ROOT_CLASS = YES_ERROR;
				CLANG_WARN__DUPLICATE_METHOD_MATCH = YES;
				"CODE_SIGN_IDENTITY[sdk=iphoneos*]" = "iPhone Developer";
				COPY_PHASE_STRIP = YES;
				ENABLE_NS_ASSERTIONS = NO;
				FRAMEWORK_SEARCH_PATHS = (
					"$(inherited)",
					"$(DEVELOPER_FRAMEWORKS_DIR)",
					"/Users/Jud/Projects/NYMnemonic/Other\\ Sources/Frameworks",
				);
				GCC_C_LANGUAGE_STANDARD = gnu99;
				GCC_PRECOMPILE_PREFIX_HEADER = YES;
				GCC_PREFIX_HEADER = "Other Sources/TestNYMnemonic-Prefix.pch";
				GCC_WARN_64_TO_32_BIT_CONVERSION = YES;
				GCC_WARN_ABOUT_RETURN_TYPE = YES_ERROR;
				GCC_WARN_UNDECLARED_SELECTOR = YES;
				GCC_WARN_UNINITIALIZED_AUTOS = YES;
				GCC_WARN_UNUSED_FUNCTION = YES;
				GCC_WARN_UNUSED_VARIABLE = YES;
				INFOPLIST_FILE = "$(SRCROOT)/Other Sources/TestNYMnemonic-Info.plist";
				IPHONEOS_DEPLOYMENT_TARGET = 7.0;
				OTHER_CFLAGS = "-DNS_BLOCK_ASSERTIONS=1";
				OTHER_LDFLAGS = (
					"-ObjC",
					"-all_load",
					"-lstdc++",
				);
				PRODUCT_NAME = "$(TARGET_NAME)";
				SDKROOT = iphoneos;
				VALIDATE_PRODUCT = YES;
				WRAPPER_EXTENSION = app;
			};
			name = Release;
		};
/* End XCBuildConfiguration section */

/* Begin XCConfigurationList section */
		874FDDFB18B7F3350054E46C /* Build configuration list for PBXProject "NYMnemonic" */ = {
			isa = XCConfigurationList;
			buildConfigurations = (
				874FDDFC18B7F3350054E46C /* Debug */,
				874FDDFD18B7F3350054E46C /* Release */,
			);
			defaultConfigurationIsVisible = 0;
			defaultConfigurationName = Release;
		};
		874FDE2318B803020054E46C /* Build configuration list for PBXNativeTarget "TestNYMnemonic" */ = {
			isa = XCConfigurationList;
			buildConfigurations = (
				874FDE2418B803020054E46C /* Debug */,
				874FDE2518B803020054E46C /* Release */,
			);
			defaultConfigurationIsVisible = 0;
		};
/* End XCConfigurationList section */
	};
	rootObject = 874FDDF818B7F3350054E46C /* Project object */;
}
